// !$*UTF8*$!
{
	archiveVersion = 1;
	classes = {
	};
	objectVersion = 55;
	objects = {

/* Begin PBXBuildFile section */
		3F56812728C2022300B4DB67 /* AppDelegate.swift in Sources */ = {isa = PBXBuildFile; fileRef = 3F56812628C2022300B4DB67 /* AppDelegate.swift */; };
		3F56812928C2022300B4DB67 /* SceneDelegate.swift in Sources */ = {isa = PBXBuildFile; fileRef = 3F56812828C2022300B4DB67 /* SceneDelegate.swift */; };
		3F56812B28C2022300B4DB67 /* ViewController.swift in Sources */ = {isa = PBXBuildFile; fileRef = 3F56812A28C2022300B4DB67 /* ViewController.swift */; };
		3F56812E28C2022300B4DB67 /* Main.storyboard in Resources */ = {isa = PBXBuildFile; fileRef = 3F56812C28C2022300B4DB67 /* Main.storyboard */; };
		3F56813028C2022500B4DB67 /* Assets.xcassets in Resources */ = {isa = PBXBuildFile; fileRef = 3F56812F28C2022500B4DB67 /* Assets.xcassets */; };
		3F56813328C2022500B4DB67 /* LaunchScreen.storyboard in Resources */ = {isa = PBXBuildFile; fileRef = 3F56813128C2022500B4DB67 /* LaunchScreen.storyboard */; };
		3F56813B28C206F000B4DB67 /* GoogleService-Info.plist in Resources */ = {isa = PBXBuildFile; fileRef = 3F56813A28C206F000B4DB67 /* GoogleService-Info.plist */; };
		3FB1C1B828C6058B000EC33D /* FeedViewController.swift in Sources */ = {isa = PBXBuildFile; fileRef = 3FB1C1B728C6058B000EC33D /* FeedViewController.swift */; };
		3FB1C1BA28C605D0000EC33D /* UploadViewController.swift in Sources */ = {isa = PBXBuildFile; fileRef = 3FB1C1B928C605D0000EC33D /* UploadViewController.swift */; };
		3FB1C1BC28C60606000EC33D /* SettingsViewController.swift in Sources */ = {isa = PBXBuildFile; fileRef = 3FB1C1BB28C60606000EC33D /* SettingsViewController.swift */; };
		4F497D0EF043BE0287E3348C /* Pods_fotografpaylasmauygulamasi.framework in Frameworks */ = {isa = PBXBuildFile; fileRef = EBB805B3445E3443D192B5B3 /* Pods_fotografpaylasmauygulamasi.framework */; };
/* End PBXBuildFile section */

/* Begin PBXFileReference section */
		3F56812328C2022300B4DB67 /* fotografpaylasmauygulamasi.app */ = {isa = PBXFileReference; explicitFileType = wrapper.application; includeInIndex = 0; path = fotografpaylasmauygulamasi.app; sourceTree = BUILT_PRODUCTS_DIR; };
		3F56812628C2022300B4DB67 /* AppDelegate.swift */ = {isa = PBXFileReference; lastKnownFileType = sourcecode.swift; path = AppDelegate.swift; sourceTree = "<group>"; };
		3F56812828C2022300B4DB67 /* SceneDelegate.swift */ = {isa = PBXFileReference; lastKnownFileType = sourcecode.swift; path = SceneDelegate.swift; sourceTree = "<group>"; };
		3F56812A28C2022300B4DB67 /* ViewController.swift */ = {isa = PBXFileReference; lastKnownFileType = sourcecode.swift; path = ViewController.swift; sourceTree = "<group>"; };
		3F56812D28C2022300B4DB67 /* Base */ = {isa = PBXFileReference; lastKnownFileType = file.storyboard; name = Base; path = Base.lproj/Main.storyboard; sourceTree = "<group>"; };
		3F56812F28C2022500B4DB67 /* Assets.xcassets */ = {isa = PBXFileReference; lastKnownFileType = folder.assetcatalog; path = Assets.xcassets; sourceTree = "<group>"; };
		3F56813228C2022500B4DB67 /* Base */ = {isa = PBXFileReference; lastKnownFileType = file.storyboard; name = Base; path = Base.lproj/LaunchScreen.storyboard; sourceTree = "<group>"; };
		3F56813428C2022500B4DB67 /* Info.plist */ = {isa = PBXFileReference; lastKnownFileType = text.plist.xml; path = Info.plist; sourceTree = "<group>"; };
		3F56813A28C206F000B4DB67 /* GoogleService-Info.plist */ = {isa = PBXFileReference; fileEncoding = 4; lastKnownFileType = text.plist.xml; name = "GoogleService-Info.plist"; path = "../../../Downloads/GoogleService-Info.plist"; sourceTree = "<group>"; };
		3FB1C1B728C6058B000EC33D /* FeedViewController.swift */ = {isa = PBXFileReference; lastKnownFileType = sourcecode.swift; path = FeedViewController.swift; sourceTree = "<group>"; };
		3FB1C1B928C605D0000EC33D /* UploadViewController.swift */ = {isa = PBXFileReference; lastKnownFileType = sourcecode.swift; path = UploadViewController.swift; sourceTree = "<group>"; };
		3FB1C1BB28C60606000EC33D /* SettingsViewController.swift */ = {isa = PBXFileReference; lastKnownFileType = sourcecode.swift; path = SettingsViewController.swift; sourceTree = "<group>"; };
		63E7AA2F6F1C6AC2085EBDF8 /* Pods-fotografpaylasmauygulamasi.release.xcconfig */ = {isa = PBXFileReference; includeInIndex = 1; lastKnownFileType = text.xcconfig; name = "Pods-fotografpaylasmauygulamasi.release.xcconfig"; path = "Target Support Files/Pods-fotografpaylasmauygulamasi/Pods-fotografpaylasmauygulamasi.release.xcconfig"; sourceTree = "<group>"; };
		A9F0BA93E0F06C274A9EB135 /* Pods-fotografpaylasmauygulamasi.debug.xcconfig */ = {isa = PBXFileReference; includeInIndex = 1; lastKnownFileType = text.xcconfig; name = "Pods-fotografpaylasmauygulamasi.debug.xcconfig"; path = "Target Support Files/Pods-fotografpaylasmauygulamasi/Pods-fotografpaylasmauygulamasi.debug.xcconfig"; sourceTree = "<group>"; };
		EBB805B3445E3443D192B5B3 /* Pods_fotografpaylasmauygulamasi.framework */ = {isa = PBXFileReference; explicitFileType = wrapper.framework; includeInIndex = 0; path = Pods_fotografpaylasmauygulamasi.framework; sourceTree = BUILT_PRODUCTS_DIR; };
/* End PBXFileReference section */

/* Begin PBXFrameworksBuildPhase section */
		3F56812028C2022300B4DB67 /* Frameworks */ = {
			isa = PBXFrameworksBuildPhase;
			buildActionMask = 2147483647;
			files = (
				4F497D0EF043BE0287E3348C /* Pods_fotografpaylasmauygulamasi.framework in Frameworks */,
			);
			runOnlyForDeploymentPostprocessing = 0;
		};
/* End PBXFrameworksBuildPhase section */

/* Begin PBXGroup section */
		3F56811A28C2022300B4DB67 = {
			isa = PBXGroup;
			children = (
				3F56812528C2022300B4DB67 /* fotografpaylasmauygulamasi */,
				3F56812428C2022300B4DB67 /* Products */,
				708C95CCE6799FA26E426120 /* Pods */,
				79F43BB6AE0EED622DCA5A6C /* Frameworks */,
			);
			sourceTree = "<group>";
		};
		3F56812428C2022300B4DB67 /* Products */ = {
			isa = PBXGroup;
			children = (
				3F56812328C2022300B4DB67 /* fotografpaylasmauygulamasi.app */,
			);
			name = Products;
			sourceTree = "<group>";
		};
		3F56812528C2022300B4DB67 /* fotografpaylasmauygulamasi */ = {
			isa = PBXGroup;
			children = (
				3F56812628C2022300B4DB67 /* AppDelegate.swift */,
				3F56812828C2022300B4DB67 /* SceneDelegate.swift */,
				3F56812A28C2022300B4DB67 /* ViewController.swift */,
				3FB1C1B728C6058B000EC33D /* FeedViewController.swift */,
				3FB1C1B928C605D0000EC33D /* UploadViewController.swift */,
				3FB1C1BB28C60606000EC33D /* SettingsViewController.swift */,
				3F56812C28C2022300B4DB67 /* Main.storyboard */,
				3F56812F28C2022500B4DB67 /* Assets.xcassets */,
				3F56813128C2022500B4DB67 /* LaunchScreen.storyboard */,
				3F56813428C2022500B4DB67 /* Info.plist */,
				3F56813A28C206F000B4DB67 /* GoogleService-Info.plist */,
			);
			path = fotografpaylasmauygulamasi;
			sourceTree = "<group>";
		};
		708C95CCE6799FA26E426120 /* Pods */ = {
			isa = PBXGroup;
			children = (
				A9F0BA93E0F06C274A9EB135 /* Pods-fotografpaylasmauygulamasi.debug.xcconfig */,
				63E7AA2F6F1C6AC2085EBDF8 /* Pods-fotografpaylasmauygulamasi.release.xcconfig */,
			);
			path = Pods;
			sourceTree = "<group>";
		};
		79F43BB6AE0EED622DCA5A6C /* Frameworks */ = {
			isa = PBXGroup;
			children = (
				EBB805B3445E3443D192B5B3 /* Pods_fotografpaylasmauygulamasi.framework */,
			);
			name = Frameworks;
			sourceTree = "<group>";
		};
/* End PBXGroup section */

/* Begin PBXNativeTarget section */
		3F56812228C2022300B4DB67 /* fotografpaylasmauygulamasi */ = {
			isa = PBXNativeTarget;
			buildConfigurationList = 3F56813728C2022500B4DB67 /* Build configuration list for PBXNativeTarget "fotografpaylasmauygulamasi" */;
			buildPhases = (
				B35687C1BBA75C1CD9CE9F83 /* [CP] Check Pods Manifest.lock */,
				3F56811F28C2022300B4DB67 /* Sources */,
				3F56812028C2022300B4DB67 /* Frameworks */,
				3F56812128C2022300B4DB67 /* Resources */,
				F807036D6CE2110A0686337A /* [CP] Embed Pods Frameworks */,
			);
			buildRules = (
			);
			dependencies = (
			);
			name = fotografpaylasmauygulamasi;
			productName = fotografpaylasmauygulamasi;
			productReference = 3F56812328C2022300B4DB67 /* fotografpaylasmauygulamasi.app */;
			productType = "com.apple.product-type.application";
		};
/* End PBXNativeTarget section */

/* Begin PBXProject section */
		3F56811B28C2022300B4DB67 /* Project object */ = {
			isa = PBXProject;
			attributes = {
				BuildIndependentTargetsInParallel = 1;
				LastSwiftUpdateCheck = 1340;
				LastUpgradeCheck = 1340;
				TargetAttributes = {
					3F56812228C2022300B4DB67 = {
						CreatedOnToolsVersion = 13.4.1;
					};
				};
			};
			buildConfigurationList = 3F56811E28C2022300B4DB67 /* Build configuration list for PBXProject "fotografpaylasmauygulamasi" */;
			compatibilityVersion = "Xcode 13.0";
			developmentRegion = en;
			hasScannedForEncodings = 0;
			knownRegions = (
				en,
				Base,
			);
			mainGroup = 3F56811A28C2022300B4DB67;
			productRefGroup = 3F56812428C2022300B4DB67 /* Products */;
			projectDirPath = "";
			projectRoot = "";
			targets = (
				3F56812228C2022300B4DB67 /* fotografpaylasmauygulamasi */,
			);
		};
/* End PBXProject section */

/* Begin PBXResourcesBuildPhase section */
		3F56812128C2022300B4DB67 /* Resources */ = {
			isa = PBXResourcesBuildPhase;
			buildActionMask = 2147483647;
			files = (
				3F56813328C2022500B4DB67 /* LaunchScreen.storyboard in Resources */,
				3F56813B28C206F000B4DB67 /* GoogleService-Info.plist in Resources */,
				3F56813028C2022500B4DB67 /* Assets.xcassets in Resources */,
				3F56812E28C2022300B4DB67 /* Main.storyboard in Resources */,
			);
			runOnlyForDeploymentPostprocessing = 0;
		};
/* End PBXResourcesBuildPhase section */

/* Begin PBXShellScriptBuildPhase section */
		B35687C1BBA75C1CD9CE9F83 /* [CP] Check Pods Manifest.lock */ = {
			isa = PBXShellScriptBuildPhase;
			buildActionMask = 2147483647;
			files = (
			);
			inputFileListPaths = (
			);
			inputPaths = (
				"${PODS_PODFILE_DIR_PATH}/Podfile.lock",
				"${PODS_ROOT}/Manifest.lock",
			);
			name = "[CP] Check Pods Manifest.lock";
			outputFileListPaths = (
			);
			outputPaths = (
				"$(DERIVED_FILE_DIR)/Pods-fotografpaylasmauygulamasi-checkManifestLockResult.txt",
			);
			runOnlyForDeploymentPostprocessing = 0;
			shellPath = /bin/sh;
			shellScript = "diff \"${PODS_PODFILE_DIR_PATH}/Podfile.lock\" \"${PODS_ROOT}/Manifest.lock\" > /dev/null\nif [ $? != 0 ] ; then\n    # print error to STDERR\n    echo \"error: The sandbox is not in sync with the Podfile.lock. Run 'pod install' or update your CocoaPods installation.\" >&2\n    exit 1\nfi\n# This output is used by Xcode 'outputs' to avoid re-running this script phase.\necho \"SUCCESS\" > \"${SCRIPT_OUTPUT_FILE_0}\"\n";
			showEnvVarsInLog = 0;
		};
		F807036D6CE2110A0686337A /* [CP] Embed Pods Frameworks */ = {
			isa = PBXShellScriptBuildPhase;
			buildActionMask = 2147483647;
			files = (
			);
			inputFileListPaths = (
				"${PODS_ROOT}/Target Support Files/Pods-fotografpaylasmauygulamasi/Pods-fotografpaylasmauygulamasi-frameworks-${CONFIGURATION}-input-files.xcfilelist",
			);
			name = "[CP] Embed Pods Frameworks";
			outputFileListPaths = (
				"${PODS_ROOT}/Target Support Files/Pods-fotografpaylasmauygulamasi/Pods-fotografpaylasmauygulamasi-frameworks-${CONFIGURATION}-output-files.xcfilelist",
			);
			runOnlyForDeploymentPostprocessing = 0;
			shellPath = /bin/sh;
			shellScript = "\"${PODS_ROOT}/Target Support Files/Pods-fotografpaylasmauygulamasi/Pods-fotografpaylasmauygulamasi-frameworks.sh\"\n";
			showEnvVarsInLog = 0;
		};
/* End PBXShellScriptBuildPhase section */

/* Begin PBXSourcesBuildPhase section */
		3F56811F28C2022300B4DB67 /* Sources */ = {
			isa = PBXSourcesBuildPhase;
			buildActionMask = 2147483647;
			files = (
				3F56812B28C2022300B4DB67 /* ViewController.swift in Sources */,
				3FB1C1BA28C605D0000EC33D /* UploadViewController.swift in Sources */,
				3F56812728C2022300B4DB67 /* AppDelegate.swift in Sources */,
				3FB1C1B828C6058B000EC33D /* FeedViewController.swift in Sources */,
				3F56812928C2022300B4DB67 /* SceneDelegate.swift in Sources */,
				3FB1C1BC28C60606000EC33D /* SettingsViewController.swift in Sources */,
			);
			runOnlyForDeploymentPostprocessing = 0;
		};
/* End PBXSourcesBuildPhase section */

/* Begin PBXVariantGroup section */
		3F56812C28C2022300B4DB67 /* Main.storyboard */ = {
			isa = PBXVariantGroup;
			children = (
				3F56812D28C2022300B4DB67 /* Base */,
			);
			name = Main.storyboard;
			sourceTree = "<group>";
		};
		3F56813128C2022500B4DB67 /* LaunchScreen.storyboard */ = {
			isa = PBXVariantGroup;
			children = (
				3F56813228C2022500B4DB67 /* Base */,
			);
			name = LaunchScreen.storyboard;
			sourceTree = "<group>";
		};
/* End PBXVariantGroup section */

/* Begin XCBuildConfiguration section */
		3F56813528C2022500B4DB67 /* Debug */ = {
			isa = XCBuildConfiguration;
			buildSettings = {
				ALWAYS_SEARCH_USER_PATHS = NO;
				CLANG_ANALYZER_NONNULL = YES;
				CLANG_ANALYZER_NUMBER_OBJECT_CONVERSION = YES_AGGRESSIVE;
				CLANG_CXX_LANGUAGE_STANDARD = "gnu++17";
				CLANG_ENABLE_MODULES = YES;
				CLANG_ENABLE_OBJC_ARC = YES;
				CLANG_ENABLE_OBJC_WEAK = YES;
				CLANG_WARN_BLOCK_CAPTURE_AUTORELEASING = YES;
				CLANG_WARN_BOOL_CONVERSION = YES;
				CLANG_WARN_COMMA = YES;
				CLANG_WARN_CONSTANT_CONVERSION = YES;
				CLANG_WARN_DEPRECATED_OBJC_IMPLEMENTATIONS = YES;
				CLANG_WARN_DIRECT_OBJC_ISA_USAGE = YES_ERROR;
				CLANG_WARN_DOCUMENTATION_COMMENTS = YES;
				CLANG_WARN_EMPTY_BODY = YES;
				CLANG_WARN_ENUM_CONVERSION = YES;
				CLANG_WARN_INFINITE_RECURSION = YES;
				CLANG_WARN_INT_CONVERSION = YES;
				CLANG_WARN_NON_LITERAL_NULL_CONVERSION = YES;
				CLANG_WARN_OBJC_IMPLICIT_RETAIN_SELF = YES;
				CLANG_WARN_OBJC_LITERAL_CONVERSION = YES;
				CLANG_WARN_OBJC_ROOT_CLASS = YES_ERROR;
				CLANG_WARN_QUOTED_INCLUDE_IN_FRAMEWORK_HEADER = YES;
				CLANG_WARN_RANGE_LOOP_ANALYSIS = YES;
				CLANG_WARN_STRICT_PROTOTYPES = YES;
				CLANG_WARN_SUSPICIOUS_MOVE = YES;
				CLANG_WARN_UNGUARDED_AVAILABILITY = YES_AGGRESSIVE;
				CLANG_WARN_UNREACHABLE_CODE = YES;
				CLANG_WARN__DUPLICATE_METHOD_MATCH = YES;
				COPY_PHASE_STRIP = NO;
				DEBUG_INFORMATION_FORMAT = dwarf;
				ENABLE_STRICT_OBJC_MSGSEND = YES;
				ENABLE_TESTABILITY = YES;
				GCC_C_LANGUAGE_STANDARD = gnu11;
				GCC_DYNAMIC_NO_PIC = NO;
				GCC_NO_COMMON_BLOCKS = YES;
				GCC_OPTIMIZATION_LEVEL = 0;
				GCC_PREPROCESSOR_DEFINITIONS = (
					"DEBUG=1",
					"$(inherited)",
				);
				GCC_WARN_64_TO_32_BIT_CONVERSION = YES;
				GCC_WARN_ABOUT_RETURN_TYPE = YES_ERROR;
				GCC_WARN_UNDECLARED_SELECTOR = YES;
				GCC_WARN_UNINITIALIZED_AUTOS = YES_AGGRESSIVE;
				GCC_WARN_UNUSED_FUNCTION = YES;
				GCC_WARN_UNUSED_VARIABLE = YES;
				IPHONEOS_DEPLOYMENT_TARGET = 15.5;
				MTL_ENABLE_DEBUG_INFO = INCLUDE_SOURCE;
				MTL_FAST_MATH = YES;
				ONLY_ACTIVE_ARCH = YES;
				SDKROOT = iphoneos;
				SWIFT_ACTIVE_COMPILATION_CONDITIONS = DEBUG;
				SWIFT_OPTIMIZATION_LEVEL = "-Onone";
			};
			name = Debug;
		};
		3F56813628C2022500B4DB67 /* Release */ = {
			isa = XCBuildConfiguration;
			buildSettings = {
				ALWAYS_SEARCH_USER_PATHS = NO;
				CLANG_ANALYZER_NONNULL = YES;
				CLANG_ANALYZER_NUMBER_OBJECT_CONVERSION = YES_AGGRESSIVE;
				CLANG_CXX_LANGUAGE_STANDARD = "gnu++17";
				CLANG_ENABLE_MODULES = YES;
				CLANG_ENABLE_OBJC_ARC = YES;
				CLANG_ENABLE_OBJC_WEAK = YES;
				CLANG_WARN_BLOCK_CAPTURE_AUTORELEASING = YES;
				CLANG_WARN_BOOL_CONVERSION = YES;
				CLANG_WARN_COMMA = YES;
				CLANG_WARN_CONSTANT_CONVERSION = YES;
				CLANG_WARN_DEPRECATED_OBJC_IMPLEMENTATIONS = YES;
				CLANG_WARN_DIRECT_OBJC_ISA_USAGE = YES_ERROR;
				CLANG_WARN_DOCUMENTATION_COMMENTS = YES;
				CLANG_WARN_EMPTY_BODY = YES;
				CLANG_WARN_ENUM_CONVERSION = YES;
				CLANG_WARN_INFINITE_RECURSION = YES;
				CLANG_WARN_INT_CONVERSION = YES;
				CLANG_WARN_NON_LITERAL_NULL_CONVERSION = YES;
				CLANG_WARN_OBJC_IMPLICIT_RETAIN_SELF = YES;
				CLANG_WARN_OBJC_LITERAL_CONVERSION = YES;
				CLANG_WARN_OBJC_ROOT_CLASS = YES_ERROR;
				CLANG_WARN_QUOTED_INCLUDE_IN_FRAMEWORK_HEADER = YES;
				CLANG_WARN_RANGE_LOOP_ANALYSIS = YES;
				CLANG_WARN_STRICT_PROTOTYPES = YES;
				CLANG_WARN_SUSPICIOUS_MOVE = YES;
				CLANG_WARN_UNGUARDED_AVAILABILITY = YES_AGGRESSIVE;
				CLANG_WARN_UNREACHABLE_CODE = YES;
				CLANG_WARN__DUPLICATE_METHOD_MATCH = YES;
				COPY_PHASE_STRIP = NO;
				DEBUG_INFORMATION_FORMAT = "dwarf-with-dsym";
				ENABLE_NS_ASSERTIONS = NO;
				ENABLE_STRICT_OBJC_MSGSEND = YES;
				GCC_C_LANGUAGE_STANDARD = gnu11;
				GCC_NO_COMMON_BLOCKS = YES;
				GCC_WARN_64_TO_32_BIT_CONVERSION = YES;
				GCC_WARN_ABOUT_RETURN_TYPE = YES_ERROR;
				GCC_WARN_UNDECLARED_SELECTOR = YES;
				GCC_WARN_UNINITIALIZED_AUTOS = YES_AGGRESSIVE;
				GCC_WARN_UNUSED_FUNCTION = YES;
				GCC_WARN_UNUSED_VARIABLE = YES;
				IPHONEOS_DEPLOYMENT_TARGET = 15.5;
				MTL_ENABLE_DEBUG_INFO = NO;
				MTL_FAST_MATH = YES;
				SDKROOT = iphoneos;
				SWIFT_COMPILATION_MODE = wholemodule;
				SWIFT_OPTIMIZATION_LEVEL = "-O";
				VALIDATE_PRODUCT = YES;
			};
			name = Release;
		};
		3F56813828C2022500B4DB67 /* Debug */ = {
			isa = XCBuildConfiguration;
			baseConfigurationReference = A9F0BA93E0F06C274A9EB135 /* Pods-fotografpaylasmauygulamasi.debug.xcconfig */;
			buildSettings = {
				ASSETCATALOG_COMPILER_APPICON_NAME = AppIcon;
				ASSETCATALOG_COMPILER_GLOBAL_ACCENT_COLOR_NAME = AccentColor;
				CODE_SIGN_STYLE = Automatic;
				CURRENT_PROJECT_VERSION = 1;
				GENERATE_INFOPLIST_FILE = YES;
				INFOPLIST_FILE = fotografpaylasmauygulamasi/Info.plist;
				INFOPLIST_KEY_UIApplicationSupportsIndirectInputEvents = YES;
				INFOPLIST_KEY_UILaunchStoryboardName = LaunchScreen;
				INFOPLIST_KEY_UIMainStoryboardFile = Main;
				INFOPLIST_KEY_UISupportedInterfaceOrientations_iPad = "UIInterfaceOrientationPortrait UIInterfaceOrientationPortraitUpsideDown UIInterfaceOrientationLandscapeLeft UIInterfaceOrientationLandscapeRight";
				INFOPLIST_KEY_UISupportedInterfaceOrientations_iPhone = "UIInterfaceOrientationPortrait UIInterfaceOrientationLandscapeLeft UIInterfaceOrientationLandscapeRight";
				LD_RUNPATH_SEARCH_PATHS = (
					"$(inherited)",
					"@executable_path/Frameworks",
				);
				MARKETING_VERSION = 1.0;
				PRODUCT_BUNDLE_IDENTIFIER = com.kdr.fotografpaylasmauygulamasi;
				PRODUCT_NAME = "$(TARGET_NAME)";
				SWIFT_EMIT_LOC_STRINGS = YES;
				SWIFT_VERSION = 5.0;
				TARGETED_DEVICE_FAMILY = "1,2";
			};
			name = Debug;
		};
		3F56813928C2022500B4DB67 /* Release */ = {
			isa = XCBuildConfiguration;
			baseConfigurationReference = 63E7AA2F6F1C6AC2085EBDF8 /* Pods-fotografpaylasmauygulamasi.release.xcconfig */;
			buildSettings = {
				ASSETCATALOG_COMPILER_APPICON_NAME = AppIcon;
				ASSETCATALOG_COMPILER_GLOBAL_ACCENT_COLOR_NAME = AccentColor;
				CODE_SIGN_STYLE = Automatic;
				CURRENT_PROJECT_VERSION = 1;
				GENERATE_INFOPLIST_FILE = YES;
				INFOPLIST_FILE = fotografpaylasmauygulamasi/Info.plist;
				INFOPLIST_KEY_UIApplicationSupportsIndirectInputEvents = YES;
				INFOPLIST_KEY_UILaunchStoryboardName = LaunchScreen;
				INFOPLIST_KEY_UIMainStoryboardFile = Main;
				INFOPLIST_KEY_UISupportedInterfaceOrientations_iPad = "UIInterfaceOrientationPortrait UIInterfaceOrientationPortraitUpsideDown UIInterfaceOrientationLandscapeLeft UIInterfaceOrientationLandscapeRight";
				INFOPLIST_KEY_UISupportedInterfaceOrientations_iPhone = "UIInterfaceOrientationPortrait UIInterfaceOrientationLandscapeLeft UIInterfaceOrientationLandscapeRight";
				LD_RUNPATH_SEARCH_PATHS = (
					"$(inherited)",
					"@executable_path/Frameworks",
				);
				MARKETING_VERSION = 1.0;
				PRODUCT_BUNDLE_IDENTIFIER = com.kdr.fotografpaylasmauygulamasi;
				PRODUCT_NAME = "$(TARGET_NAME)";
				SWIFT_EMIT_LOC_STRINGS = YES;
				SWIFT_VERSION = 5.0;
				TARGETED_DEVICE_FAMILY = "1,2";
			};
			name = Release;
		};
/* End XCBuildConfiguration section */

/* Begin XCConfigurationList section */
		3F56811E28C2022300B4DB67 /* Build configuration list for PBXProject "fotografpaylasmauygulamasi" */ = {
			isa = XCConfigurationList;
			buildConfigurations = (
				3F56813528C2022500B4DB67 /* Debug */,
				3F56813628C2022500B4DB67 /* Release */,
			);
			defaultConfigurationIsVisible = 0;
			defaultConfigurationName = Release;
		};
		3F56813728C2022500B4DB67 /* Build configuration list for PBXNativeTarget "fotografpaylasmauygulamasi" */ = {
			isa = XCConfigurationList;
			buildConfigurations = (
				3F56813828C2022500B4DB67 /* Debug */,
				3F56813928C2022500B4DB67 /* Release */,
			);
			defaultConfigurationIsVisible = 0;
			defaultConfigurationName = Release;
		};
/* End XCConfigurationList section */
	};
	rootObject = 3F56811B28C2022300B4DB67 /* Project object */;
}
